lockfileVersion: '9.0'

settings:
  autoInstallPeers: true
  excludeLinksFromLockfile: false

importers:

  .:
    dependencies:
      '@hono/node-server':
        specifier: ^1.17.1
        version: 1.17.1(hono@4.8.9)
      '@hono/zod-validator':
        specifier: ^0.7.2
        version: 0.7.2(hono@4.8.9)(zod@4.0.10)
      hono:
        specifier: ^4.8.9
        version: 4.8.9
      zod:
        specifier: ^4.0.10
        version: 4.0.10

packages:

  '@hono/node-server@1.17.1':
    resolution: {integrity: sha512-SY79W/C+2b1MyAzmIcV32Q47vO1b5XwLRwj8S9N6Jr5n1QCkIfAIH6umOSgqWZ4/v67hg6qq8Ha5vZonVidGsg==}
    engines: {node: '>=18.14.1'}
    peerDependencies:
      hono: ^4

  '@hono/zod-validator@0.7.2':
    resolution: {integrity: sha512-ub5eL/NeZ4eLZawu78JpW/J+dugDAYhwqUIdp9KYScI6PZECij4Hx4UsrthlEUutqDDhPwRI0MscUfNkvn/mqQ==}
    peerDependencies:
      hono: '>=3.9.0'
      zod: ^3.25.0 || ^4.0.0

  hono@4.8.9:
    resolution: {integrity: sha512-ERIxkXMRhUxGV7nS/Af52+j2KL60B1eg+k6cPtgzrGughS+espS9KQ7QO0SMnevtmRlBfAcN0mf1jKtO6j/doA==}
    engines: {node: '>=16.9.0'}

  zod@4.0.10:
    resolution: {integrity: sha512-3vB+UU3/VmLL2lvwcY/4RV2i9z/YU0DTV/tDuYjrwmx5WeJ7hwy+rGEEx8glHp6Yxw7ibRbKSaIFBgReRPe5KA==}

snapshots:

  '@hono/node-server@1.17.1(hono@4.8.9)':
    dependencies:
      hono: 4.8.9

  '@hono/zod-validator@0.7.2(hono@4.8.9)(zod@4.0.10)':
    dependencies:
      hono: 4.8.9
      zod: 4.0.10

  hono@4.8.9: {}

  zod@4.0.10: {}
